// !$*UTF8*$!
{
	archiveVersion = 1;
	classes = {
	};
	objectVersion = 55;
	objects = {

/* Begin PBXBuildFile section */
		145C54C3282E2D0100B790A0 /* AppDelegate.swift in Sources */ = {isa = PBXBuildFile; fileRef = 145C54C2282E2D0100B790A0 /* AppDelegate.swift */; };
		145C54C5282E2D0100B790A0 /* SceneDelegate.swift in Sources */ = {isa = PBXBuildFile; fileRef = 145C54C4282E2D0100B790A0 /* SceneDelegate.swift */; };
		145C54C7282E2D0100B790A0 /* ViewController.swift in Sources */ = {isa = PBXBuildFile; fileRef = 145C54C6282E2D0100B790A0 /* ViewController.swift */; };
		145C54CA282E2D0100B790A0 /* Main.storyboard in Resources */ = {isa = PBXBuildFile; fileRef = 145C54C8282E2D0100B790A0 /* Main.storyboard */; };
		145C54CC282E2D0200B790A0 /* Assets.xcassets in Resources */ = {isa = PBXBuildFile; fileRef = 145C54CB282E2D0200B790A0 /* Assets.xcassets */; };
		145C54CF282E2D0200B790A0 /* LaunchScreen.storyboard in Resources */ = {isa = PBXBuildFile; fileRef = 145C54CD282E2D0200B790A0 /* LaunchScreen.storyboard */; };
		145C54E0282E2D5800B790A0 /* MacOSBridge.bundle in Embed PlugIns */ = {isa = PBXBuildFile; fileRef = 145C54DB282E2D2700B790A0 /* MacOSBridge.bundle */; settings = {ATTRIBUTES = (CodeSignOnCopy, RemoveHeadersOnCopy, ); }; };
		145C54F2282E2E7000B790A0 /* SharedProtocol.swift in Sources */ = {isa = PBXBuildFile; fileRef = 145C54F1282E2E7000B790A0 /* SharedProtocol.swift */; };
		145C54F3282E2E7000B790A0 /* SharedProtocol.swift in Sources */ = {isa = PBXBuildFile; fileRef = 145C54F1282E2E7000B790A0 /* SharedProtocol.swift */; };
		145C54F5282E2E9200B790A0 /* MacOSController.swift in Sources */ = {isa = PBXBuildFile; fileRef = 145C54F4282E2E9200B790A0 /* MacOSController.swift */; };
/* End PBXBuildFile section */

/* Begin PBXContainerItemProxy section */
		145C54E1282E2D5800B790A0 /* PBXContainerItemProxy */ = {
			isa = PBXContainerItemProxy;
			containerPortal = 145C54B7282E2D0100B790A0 /* Project object */;
			proxyType = 1;
			remoteGlobalIDString = 145C54DA282E2D2700B790A0;
			remoteInfo = MacOSBridge;
		};
/* End PBXContainerItemProxy section */

/* Begin PBXCopyFilesBuildPhase section */
		145C54E3282E2D5800B790A0 /* Embed PlugIns */ = {
			isa = PBXCopyFilesBuildPhase;
			buildActionMask = 2147483647;
			dstPath = "";
			dstSubfolderSpec = 13;
			files = (
				145C54E0282E2D5800B790A0 /* MacOSBridge.bundle in Embed PlugIns */,
			);
			name = "Embed PlugIns";
			runOnlyForDeploymentPostprocessing = 0;
		};
/* End PBXCopyFilesBuildPhase section */

/* Begin PBXFileReference section */
		145C54BF282E2D0100B790A0 /* MacCatalystWithAppKit.app */ = {isa = PBXFileReference; explicitFileType = wrapper.application; includeInIndex = 0; path = MacCatalystWithAppKit.app; sourceTree = BUILT_PRODUCTS_DIR; };
		145C54C2282E2D0100B790A0 /* AppDelegate.swift */ = {isa = PBXFileReference; lastKnownFileType = sourcecode.swift; path = AppDelegate.swift; sourceTree = "<group>"; };
		145C54C4282E2D0100B790A0 /* SceneDelegate.swift */ = {isa = PBXFileReference; lastKnownFileType = sourcecode.swift; path = SceneDelegate.swift; sourceTree = "<group>"; };
		145C54C6282E2D0100B790A0 /* ViewController.swift */ = {isa = PBXFileReference; lastKnownFileType = sourcecode.swift; path = ViewController.swift; sourceTree = "<group>"; };
		145C54C9282E2D0100B790A0 /* Base */ = {isa = PBXFileReference; lastKnownFileType = file.storyboard; name = Base; path = Base.lproj/Main.storyboard; sourceTree = "<group>"; };
		145C54CB282E2D0200B790A0 /* Assets.xcassets */ = {isa = PBXFileReference; lastKnownFileType = folder.assetcatalog; path = Assets.xcassets; sourceTree = "<group>"; };
		145C54CE282E2D0200B790A0 /* Base */ = {isa = PBXFileReference; lastKnownFileType = file.storyboard; name = Base; path = Base.lproj/LaunchScreen.storyboard; sourceTree = "<group>"; };
		145C54D0282E2D0200B790A0 /* Info.plist */ = {isa = PBXFileReference; lastKnownFileType = text.plist.xml; path = Info.plist; sourceTree = "<group>"; };
		145C54D6282E2D0700B790A0 /* MacCatalystWithAppKit.entitlements */ = {isa = PBXFileReference; lastKnownFileType = text.plist.entitlements; path = MacCatalystWithAppKit.entitlements; sourceTree = "<group>"; };
		145C54DB282E2D2700B790A0 /* MacOSBridge.bundle */ = {isa = PBXFileReference; explicitFileType = wrapper.cfbundle; includeInIndex = 0; path = MacOSBridge.bundle; sourceTree = BUILT_PRODUCTS_DIR; };
		145C54F0282E2E7000B790A0 /* MacOSBridge-Bridging-Header.h */ = {isa = PBXFileReference; lastKnownFileType = sourcecode.c.h; path = "MacOSBridge-Bridging-Header.h"; sourceTree = "<group>"; };
		145C54F1282E2E7000B790A0 /* SharedProtocol.swift */ = {isa = PBXFileReference; lastKnownFileType = sourcecode.swift; path = SharedProtocol.swift; sourceTree = "<group>"; };
		145C54F4282E2E9200B790A0 /* MacOSController.swift */ = {isa = PBXFileReference; lastKnownFileType = sourcecode.swift; path = MacOSController.swift; sourceTree = "<group>"; };
/* End PBXFileReference section */

/* Begin PBXFrameworksBuildPhase section */
		145C54BC282E2D0100B790A0 /* Frameworks */ = {
			isa = PBXFrameworksBuildPhase;
			buildActionMask = 2147483647;
			files = (
			);
			runOnlyForDeploymentPostprocessing = 0;
		};
		145C54D8282E2D2700B790A0 /* Frameworks */ = {
			isa = PBXFrameworksBuildPhase;
			buildActionMask = 2147483647;
			files = (
			);
			runOnlyForDeploymentPostprocessing = 0;
		};
/* End PBXFrameworksBuildPhase section */

/* Begin PBXGroup section */
		145C54B6282E2D0100B790A0 = {
			isa = PBXGroup;
			children = (
				145C54C1282E2D0100B790A0 /* MacCatalystWithAppKit */,
				145C54C0282E2D0100B790A0 /* Products */,
				145C54DF282E2D5800B790A0 /* Frameworks */,
			);
			sourceTree = "<group>";
		};
		145C54C0282E2D0100B790A0 /* Products */ = {
			isa = PBXGroup;
			children = (
				145C54BF282E2D0100B790A0 /* MacCatalystWithAppKit.app */,
				145C54DB282E2D2700B790A0 /* MacOSBridge.bundle */,
			);
			name = Products;
			sourceTree = "<group>";
		};
		145C54C1282E2D0100B790A0 /* MacCatalystWithAppKit */ = {
			isa = PBXGroup;
			children = (
				145C54D6282E2D0700B790A0 /* MacCatalystWithAppKit.entitlements */,
				145C54C2282E2D0100B790A0 /* AppDelegate.swift */,
				145C54F1282E2E7000B790A0 /* SharedProtocol.swift */,
				145C54F4282E2E9200B790A0 /* MacOSController.swift */,
				145C54C4282E2D0100B790A0 /* SceneDelegate.swift */,
				145C54C6282E2D0100B790A0 /* ViewController.swift */,
				145C54C8282E2D0100B790A0 /* Main.storyboard */,
				145C54CB282E2D0200B790A0 /* Assets.xcassets */,
				145C54CD282E2D0200B790A0 /* LaunchScreen.storyboard */,
				145C54D0282E2D0200B790A0 /* Info.plist */,
				145C54F0282E2E7000B790A0 /* MacOSBridge-Bridging-Header.h */,
			);
			path = MacCatalystWithAppKit;
			sourceTree = "<group>";
		};
		145C54DF282E2D5800B790A0 /* Frameworks */ = {
			isa = PBXGroup;
			children = (
			);
			name = Frameworks;
			sourceTree = "<group>";
		};
/* End PBXGroup section */

/* Begin PBXNativeTarget section */
		145C54BE282E2D0100B790A0 /* MacCatalystWithAppKit */ = {
			isa = PBXNativeTarget;
			buildConfigurationList = 145C54D3282E2D0200B790A0 /* Build configuration list for PBXNativeTarget "MacCatalystWithAppKit" */;
			buildPhases = (
				145C54BB282E2D0100B790A0 /* Sources */,
				145C54BC282E2D0100B790A0 /* Frameworks */,
				145C54BD282E2D0100B790A0 /* Resources */,
				145C54E3282E2D5800B790A0 /* Embed PlugIns */,
			);
			buildRules = (
			);
			dependencies = (
				145C54E2282E2D5800B790A0 /* PBXTargetDependency */,
			);
			name = MacCatalystWithAppKit;
			productName = MacCatalystWithAppKit;
			productReference = 145C54BF282E2D0100B790A0 /* MacCatalystWithAppKit.app */;
			productType = "com.apple.product-type.application";
		};
		145C54DA282E2D2700B790A0 /* MacOSBridge */ = {
			isa = PBXNativeTarget;
			buildConfigurationList = 145C54DC282E2D2700B790A0 /* Build configuration list for PBXNativeTarget "MacOSBridge" */;
			buildPhases = (
				145C54D7282E2D2700B790A0 /* Sources */,
				145C54D8282E2D2700B790A0 /* Frameworks */,
				145C54D9282E2D2700B790A0 /* Resources */,
			);
			buildRules = (
			);
			dependencies = (
			);
			name = MacOSBridge;
			productName = MacOSBridge;
			productReference = 145C54DB282E2D2700B790A0 /* MacOSBridge.bundle */;
			productType = "com.apple.product-type.bundle";
		};
/* End PBXNativeTarget section */

/* Begin PBXProject section */
		145C54B7282E2D0100B790A0 /* Project object */ = {
			isa = PBXProject;
			attributes = {
				BuildIndependentTargetsInParallel = 1;
				LastSwiftUpdateCheck = 1330;
				LastUpgradeCheck = 1330;
				TargetAttributes = {
					145C54BE282E2D0100B790A0 = {
						CreatedOnToolsVersion = 13.3.1;
					};
					145C54DA282E2D2700B790A0 = {
						CreatedOnToolsVersion = 13.3.1;
						LastSwiftMigration = 1330;
					};
				};
			};
			buildConfigurationList = 145C54BA282E2D0100B790A0 /* Build configuration list for PBXProject "MacCatalystWithAppKit" */;
			compatibilityVersion = "Xcode 13.0";
			developmentRegion = en;
			hasScannedForEncodings = 0;
			knownRegions = (
				en,
				Base,
			);
			mainGroup = 145C54B6282E2D0100B790A0;
			productRefGroup = 145C54C0282E2D0100B790A0 /* Products */;
			projectDirPath = "";
			projectRoot = "";
			targets = (
				145C54BE282E2D0100B790A0 /* MacCatalystWithAppKit */,
				145C54DA282E2D2700B790A0 /* MacOSBridge */,
			);
		};
/* End PBXProject section */

/* Begin PBXResourcesBuildPhase section */
		145C54BD282E2D0100B790A0 /* Resources */ = {
			isa = PBXResourcesBuildPhase;
			buildActionMask = 2147483647;
			files = (
				145C54CF282E2D0200B790A0 /* LaunchScreen.storyboard in Resources */,
				145C54CC282E2D0200B790A0 /* Assets.xcassets in Resources */,
				145C54CA282E2D0100B790A0 /* Main.storyboard in Resources */,
			);
			runOnlyForDeploymentPostprocessing = 0;
		};
		145C54D9282E2D2700B790A0 /* Resources */ = {
			isa = PBXResourcesBuildPhase;
			buildActionMask = 2147483647;
			files = (
			);
			runOnlyForDeploymentPostprocessing = 0;
		};
/* End PBXResourcesBuildPhase section */

/* Begin PBXSourcesBuildPhase section */
		145C54BB282E2D0100B790A0 /* Sources */ = {
			isa = PBXSourcesBuildPhase;
			buildActionMask = 2147483647;
			files = (
				145C54F2282E2E7000B790A0 /* SharedProtocol.swift in Sources */,
				145C54C7282E2D0100B790A0 /* ViewController.swift in Sources */,
				145C54C3282E2D0100B790A0 /* AppDelegate.swift in Sources */,
				145C54C5282E2D0100B790A0 /* SceneDelegate.swift in Sources */,
			);
			runOnlyForDeploymentPostprocessing = 0;
		};
		145C54D7282E2D2700B790A0 /* Sources */ = {
			isa = PBXSourcesBuildPhase;
			buildActionMask = 2147483647;
			files = (
				145C54F3282E2E7000B790A0 /* SharedProtocol.swift in Sources */,
				145C54F5282E2E9200B790A0 /* MacOSController.swift in Sources */,
			);
			runOnlyForDeploymentPostprocessing = 0;
		};
/* End PBXSourcesBuildPhase section */

/* Begin PBXTargetDependency section */
		145C54E2282E2D5800B790A0 /* PBXTargetDependency */ = {
			isa = PBXTargetDependency;
			target = 145C54DA282E2D2700B790A0 /* MacOSBridge */;
			targetProxy = 145C54E1282E2D5800B790A0 /* PBXContainerItemProxy */;
		};
/* End PBXTargetDependency section */

/* Begin PBXVariantGroup section */
		145C54C8282E2D0100B790A0 /* Main.storyboard */ = {
			isa = PBXVariantGroup;
			children = (
				145C54C9282E2D0100B790A0 /* Base */,
			);
			name = Main.storyboard;
			sourceTree = "<group>";
		};
		145C54CD282E2D0200B790A0 /* LaunchScreen.storyboard */ = {
			isa = PBXVariantGroup;
			children = (
				145C54CE282E2D0200B790A0 /* Base */,
			);
			name = LaunchScreen.storyboard;
			sourceTree = "<group>";
		};
/* End PBXVariantGroup section */

/* Begin XCBuildConfiguration section */
		145C54D1282E2D0200B790A0 /* Debug */ = {
			isa = XCBuildConfiguration;
			buildSettings = {
				ALWAYS_SEARCH_USER_PATHS = NO;
				CLANG_ANALYZER_NONNULL = YES;
				CLANG_ANALYZER_NUMBER_OBJECT_CONVERSION = YES_AGGRESSIVE;
				CLANG_CXX_LANGUAGE_STANDARD = "gnu++17";
				CLANG_ENABLE_MODULES = YES;
				CLANG_ENABLE_OBJC_ARC = YES;
				CLANG_ENABLE_OBJC_WEAK = YES;
				CLANG_WARN_BLOCK_CAPTURE_AUTORELEASING = YES;
				CLANG_WARN_BOOL_CONVERSION = YES;
				CLANG_WARN_COMMA = YES;
				CLANG_WARN_CONSTANT_CONVERSION = YES;
				CLANG_WARN_DEPRECATED_OBJC_IMPLEMENTATIONS = YES;
				CLANG_WARN_DIRECT_OBJC_ISA_USAGE = YES_ERROR;
				CLANG_WARN_DOCUMENTATION_COMMENTS = YES;
				CLANG_WARN_EMPTY_BODY = YES;
				CLANG_WARN_ENUM_CONVERSION = YES;
				CLANG_WARN_INFINITE_RECURSION = YES;
				CLANG_WARN_INT_CONVERSION = YES;
				CLANG_WARN_NON_LITERAL_NULL_CONVERSION = YES;
				CLANG_WARN_OBJC_IMPLICIT_RETAIN_SELF = YES;
				CLANG_WARN_OBJC_LITERAL_CONVERSION = YES;
				CLANG_WARN_OBJC_ROOT_CLASS = YES_ERROR;
				CLANG_WARN_QUOTED_INCLUDE_IN_FRAMEWORK_HEADER = YES;
				CLANG_WARN_RANGE_LOOP_ANALYSIS = YES;
				CLANG_WARN_STRICT_PROTOTYPES = YES;
				CLANG_WARN_SUSPICIOUS_MOVE = YES;
				CLANG_WARN_UNGUARDED_AVAILABILITY = YES_AGGRESSIVE;
				CLANG_WARN_UNREACHABLE_CODE = YES;
				CLANG_WARN__DUPLICATE_METHOD_MATCH = YES;
				COPY_PHASE_STRIP = NO;
				DEBUG_INFORMATION_FORMAT = dwarf;
				ENABLE_STRICT_OBJC_MSGSEND = YES;
				ENABLE_TESTABILITY = YES;
				GCC_C_LANGUAGE_STANDARD = gnu11;
				GCC_DYNAMIC_NO_PIC = NO;
				GCC_NO_COMMON_BLOCKS = YES;
				GCC_OPTIMIZATION_LEVEL = 0;
				GCC_PREPROCESSOR_DEFINITIONS = (
					"DEBUG=1",
					"$(inherited)",
				);
				GCC_WARN_64_TO_32_BIT_CONVERSION = YES;
				GCC_WARN_ABOUT_RETURN_TYPE = YES_ERROR;
				GCC_WARN_UNDECLARED_SELECTOR = YES;
				GCC_WARN_UNINITIALIZED_AUTOS = YES_AGGRESSIVE;
				GCC_WARN_UNUSED_FUNCTION = YES;
				GCC_WARN_UNUSED_VARIABLE = YES;
				IPHONEOS_DEPLOYMENT_TARGET = 15.4;
				MTL_ENABLE_DEBUG_INFO = INCLUDE_SOURCE;
				MTL_FAST_MATH = YES;
				ONLY_ACTIVE_ARCH = YES;
				SDKROOT = iphoneos;
				SWIFT_ACTIVE_COMPILATION_CONDITIONS = DEBUG;
				SWIFT_OPTIMIZATION_LEVEL = "-Onone";
			};
			name = Debug;
		};
		145C54D2282E2D0200B790A0 /* Release */ = {
			isa = XCBuildConfiguration;
			buildSettings = {
				ALWAYS_SEARCH_USER_PATHS = NO;
				CLANG_ANALYZER_NONNULL = YES;
				CLANG_ANALYZER_NUMBER_OBJECT_CONVERSION = YES_AGGRESSIVE;
				CLANG_CXX_LANGUAGE_STANDARD = "gnu++17";
				CLANG_ENABLE_MODULES = YES;
				CLANG_ENABLE_OBJC_ARC = YES;
				CLANG_ENABLE_OBJC_WEAK = YES;
				CLANG_WARN_BLOCK_CAPTURE_AUTORELEASING = YES;
				CLANG_WARN_BOOL_CONVERSION = YES;
				CLANG_WARN_COMMA = YES;
				CLANG_WARN_CONSTANT_CONVERSION = YES;
				CLANG_WARN_DEPRECATED_OBJC_IMPLEMENTATIONS = YES;
				CLANG_WARN_DIRECT_OBJC_ISA_USAGE = YES_ERROR;
				CLANG_WARN_DOCUMENTATION_COMMENTS = YES;
				CLANG_WARN_EMPTY_BODY = YES;
				CLANG_WARN_ENUM_CONVERSION = YES;
				CLANG_WARN_INFINITE_RECURSION = YES;
				CLANG_WARN_INT_CONVERSION = YES;
				CLANG_WARN_NON_LITERAL_NULL_CONVERSION = YES;
				CLANG_WARN_OBJC_IMPLICIT_RETAIN_SELF = YES;
				CLANG_WARN_OBJC_LITERAL_CONVERSION = YES;
				CLANG_WARN_OBJC_ROOT_CLASS = YES_ERROR;
				CLANG_WARN_QUOTED_INCLUDE_IN_FRAMEWORK_HEADER = YES;
				CLANG_WARN_RANGE_LOOP_ANALYSIS = YES;
				CLANG_WARN_STRICT_PROTOTYPES = YES;
				CLANG_WARN_SUSPICIOUS_MOVE = YES;
				CLANG_WARN_UNGUARDED_AVAILABILITY = YES_AGGRESSIVE;
				CLANG_WARN_UNREACHABLE_CODE = YES;
				CLANG_WARN__DUPLICATE_METHOD_MATCH = YES;
				COPY_PHASE_STRIP = NO;
				DEBUG_INFORMATION_FORMAT = "dwarf-with-dsym";
				ENABLE_NS_ASSERTIONS = NO;
				ENABLE_STRICT_OBJC_MSGSEND = YES;
				GCC_C_LANGUAGE_STANDARD = gnu11;
				GCC_NO_COMMON_BLOCKS = YES;
				GCC_WARN_64_TO_32_BIT_CONVERSION = YES;
				GCC_WARN_ABOUT_RETURN_TYPE = YES_ERROR;
				GCC_WARN_UNDECLARED_SELECTOR = YES;
				GCC_WARN_UNINITIALIZED_AUTOS = YES_AGGRESSIVE;
				GCC_WARN_UNUSED_FUNCTION = YES;
				GCC_WARN_UNUSED_VARIABLE = YES;
				IPHONEOS_DEPLOYMENT_TARGET = 15.4;
				MTL_ENABLE_DEBUG_INFO = NO;
				MTL_FAST_MATH = YES;
				SDKROOT = iphoneos;
				SWIFT_COMPILATION_MODE = wholemodule;
				SWIFT_OPTIMIZATION_LEVEL = "-O";
				VALIDATE_PRODUCT = YES;
			};
			name = Release;
		};
		145C54D4282E2D0200B790A0 /* Debug */ = {
			isa = XCBuildConfiguration;
			buildSettings = {
				ALWAYS_EMBED_SWIFT_STANDARD_LIBRARIES = YES;
				ASSETCATALOG_COMPILER_APPICON_NAME = AppIcon;
				ASSETCATALOG_COMPILER_GLOBAL_ACCENT_COLOR_NAME = AccentColor;
				CODE_SIGN_ENTITLEMENTS = MacCatalystWithAppKit/MacCatalystWithAppKit.entitlements;
				CODE_SIGN_STYLE = Automatic;
				CURRENT_PROJECT_VERSION = 1;
				DEVELOPMENT_TEAM = JP866VWWSD;
				GENERATE_INFOPLIST_FILE = YES;
				INFOPLIST_FILE = MacCatalystWithAppKit/Info.plist;
				INFOPLIST_KEY_UIApplicationSupportsIndirectInputEvents = YES;
				INFOPLIST_KEY_UILaunchStoryboardName = LaunchScreen;
				INFOPLIST_KEY_UIMainStoryboardFile = Main;
				INFOPLIST_KEY_UISupportedInterfaceOrientations_iPad = "UIInterfaceOrientationPortrait UIInterfaceOrientationPortraitUpsideDown UIInterfaceOrientationLandscapeLeft UIInterfaceOrientationLandscapeRight";
				INFOPLIST_KEY_UISupportedInterfaceOrientations_iPhone = "UIInterfaceOrientationPortrait UIInterfaceOrientationLandscapeLeft UIInterfaceOrientationLandscapeRight";
				LD_RUNPATH_SEARCH_PATHS = (
					"$(inherited)",
					"@executable_path/Frameworks",
				);
				MARKETING_VERSION = 1.0;
				PRODUCT_BUNDLE_IDENTIFIER = com.sonson.MacCatalystWithAppKit;
				PRODUCT_NAME = "$(TARGET_NAME)";
				SUPPORTS_MACCATALYST = YES;
				SWIFT_EMIT_LOC_STRINGS = YES;
				SWIFT_VERSION = 5.0;
				TARGETED_DEVICE_FAMILY = "1,2";
			};
			name = Debug;
		};
		145C54D5282E2D0200B790A0 /* Release */ = {
			isa = XCBuildConfiguration;
			buildSettings = {
				ALWAYS_EMBED_SWIFT_STANDARD_LIBRARIES = YES;
				ASSETCATALOG_COMPILER_APPICON_NAME = AppIcon;
				ASSETCATALOG_COMPILER_GLOBAL_ACCENT_COLOR_NAME = AccentColor;
				CODE_SIGN_ENTITLEMENTS = MacCatalystWithAppKit/MacCatalystWithAppKit.entitlements;
				CODE_SIGN_STYLE = Automatic;
				CURRENT_PROJECT_VERSION = 1;
				DEVELOPMENT_TEAM = JP866VWWSD;
				GENERATE_INFOPLIST_FILE = YES;
				INFOPLIST_FILE = MacCatalystWithAppKit/Info.plist;
				INFOPLIST_KEY_UIApplicationSupportsIndirectInputEvents = YES;
				INFOPLIST_KEY_UILaunchStoryboardName = LaunchScreen;
				INFOPLIST_KEY_UIMainStoryboardFile = Main;
				INFOPLIST_KEY_UISupportedInterfaceOrientations_iPad = "UIInterfaceOrientationPortrait UIInterfaceOrientationPortraitUpsideDown UIInterfaceOrientationLandscapeLeft UIInterfaceOrientationLandscapeRight";
				INFOPLIST_KEY_UISupportedInterfaceOrientations_iPhone = "UIInterfaceOrientationPortrait UIInterfaceOrientationLandscapeLeft UIInterfaceOrientationLandscapeRight";
				LD_RUNPATH_SEARCH_PATHS = (
					"$(inherited)",
					"@executable_path/Frameworks",
				);
				MARKETING_VERSION = 1.0;
				PRODUCT_BUNDLE_IDENTIFIER = com.sonson.MacCatalystWithAppKit;
				PRODUCT_NAME = "$(TARGET_NAME)";
				SUPPORTS_MACCATALYST = YES;
				SWIFT_EMIT_LOC_STRINGS = YES;
				SWIFT_VERSION = 5.0;
				TARGETED_DEVICE_FAMILY = "1,2";
			};
			name = Release;
		};
		145C54DD282E2D2700B790A0 /* Debug */ = {
			isa = XCBuildConfiguration;
			buildSettings = {
				CLANG_ENABLE_MODULES = YES;
				CODE_SIGN_STYLE = Automatic;
				COMBINE_HIDPI_IMAGES = YES;
				CURRENT_PROJECT_VERSION = 1;
				DEVELOPMENT_TEAM = JP866VWWSD;
				GENERATE_INFOPLIST_FILE = YES;
				INFOPLIST_KEY_NSHumanReadableCopyright = "";
				INFOPLIST_KEY_NSPrincipalClass = MacOSBridge.MacController;
				INSTALL_PATH = "$(LOCAL_LIBRARY_DIR)/Bundles";
				LD_RUNPATH_SEARCH_PATHS = (
					"$(inherited)",
					"@executable_path/../Frameworks",
					"@loader_path/../Frameworks",
				);
				MACOSX_DEPLOYMENT_TARGET = 12.3;
				MARKETING_VERSION = 1.0;
				PRODUCT_BUNDLE_IDENTIFIER = com.sonson.MacOSBridge;
				PRODUCT_NAME = "$(TARGET_NAME)";
				SDKROOT = macosx;
				SKIP_INSTALL = YES;
				SWIFT_EMIT_LOC_STRINGS = YES;
				SWIFT_OBJC_BRIDGING_HEADER = "MacCatalystWithAppKit/MacOSBridge-Bridging-Header.h";
				SWIFT_OPTIMIZATION_LEVEL = "-Onone";
				SWIFT_VERSION = 5.0;
				WRAPPER_EXTENSION = bundle;
			};
			name = Debug;
		};
		145C54DE282E2D2700B790A0 /* Release */ = {
			isa = XCBuildConfiguration;
			buildSettings = {
				CLANG_ENABLE_MODULES = YES;
				CODE_SIGN_STYLE = Automatic;
				COMBINE_HIDPI_IMAGES = YES;
				CURRENT_PROJECT_VERSION = 1;
				DEVELOPMENT_TEAM = JP866VWWSD;
				GENERATE_INFOPLIST_FILE = YES;
				INFOPLIST_KEY_NSHumanReadableCopyright = "";
				INFOPLIST_KEY_NSPrincipalClass = MacOSBridge.MacController;
				INSTALL_PATH = "$(LOCAL_LIBRARY_DIR)/Bundles";
				LD_RUNPATH_SEARCH_PATHS = (
					"$(inherited)",
					"@executable_path/../Frameworks",
					"@loader_path/../Frameworks",
				);
				MACOSX_DEPLOYMENT_TARGET = 12.3;
				MARKETING_VERSION = 1.0;
				PRODUCT_BUNDLE_IDENTIFIER = com.sonson.MacOSBridge;
				PRODUCT_NAME = "$(TARGET_NAME)";
				SDKROOT = macosx;
				SKIP_INSTALL = YES;
				SWIFT_EMIT_LOC_STRINGS = YES;
				SWIFT_OBJC_BRIDGING_HEADER = "MacCatalystWithAppKit/MacOSBridge-Bridging-Header.h";
				SWIFT_VERSION = 5.0;
				WRAPPER_EXTENSION = bundle;
			};
			name = Release;
		};
/* End XCBuildConfiguration section */

/* Begin XCConfigurationList section */
		145C54BA282E2D0100B790A0 /* Build configuration list for PBXProject "MacCatalystWithAppKit" */ = {
			isa = XCConfigurationList;
			buildConfigurations = (
				145C54D1282E2D0200B790A0 /* Debug */,
				145C54D2282E2D0200B790A0 /* Release */,
			);
			defaultConfigurationIsVisible = 0;
			defaultConfigurationName = Release;
		};
		145C54D3282E2D0200B790A0 /* Build configuration list for PBXNativeTarget "MacCatalystWithAppKit" */ = {
			isa = XCConfigurationList;
			buildConfigurations = (
				145C54D4282E2D0200B790A0 /* Debug */,
				145C54D5282E2D0200B790A0 /* Release */,
			);
			defaultConfigurationIsVisible = 0;
			defaultConfigurationName = Release;
		};
		145C54DC282E2D2700B790A0 /* Build configuration list for PBXNativeTarget "MacOSBridge" */ = {
			isa = XCConfigurationList;
			buildConfigurations = (
				145C54DD282E2D2700B790A0 /* Debug */,
				145C54DE282E2D2700B790A0 /* Release */,
			);
			defaultConfigurationIsVisible = 0;
			defaultConfigurationName = Release;
		};
/* End XCConfigurationList section */
	};
	rootObject = 145C54B7282E2D0100B790A0 /* Project object */;
}
